
Microsoft Visual Studio Solution File, Format Version 12.00
Project("{FAE04EC0-301F-11D3-BF4B-00C04F79EFBC}") = "RabbitDemo.Common", "RabbitDemo.Common\RabbitDemo.Common.csproj", "{C63754C1-501E-4DFD-BE9A-03F82D798130}"
EndProject
Project("{FAE04EC0-301F-11D3-BF4B-00C04F79EFBC}") = "RabbitDemo.Producer", "RabbitDemo.Producer\RabbitDemo.Producer.csproj", "{582BE766-ABBA-41E4-BAA7-8B8C776AF984}"
EndProject
Project("{FAE04EC0-301F-11D3-BF4B-00C04F79EFBC}") = "RabbitDemo.Consumer", "RabbitDemo.Consumer\RabbitDemo.Consumer.csproj", "{3B6E70FD-50D3-47AE-BD7F-5A14B715EBEF}"
EndProject
Project("{2150E333-8FDC-42A3-9474-1A3956D46DE8}") = "Ordering", "Ordering", "{919FB9A3-1B77-4537-9E42-2C9EBD5A0BE8}"
EndProject
Project("{FAE04EC0-301F-11D3-BF4B-00C04F79EFBC}") = "Ordering.Domain", "Ordering.Domain\Ordering.Domain.csproj", "{988A5171-2195-4552-A24E-83B77393FA0D}"
EndProject
Project("{FAE04EC0-301F-11D3-BF4B-00C04F79EFBC}") = "Ordering.DAL", "Ordering.DAL\Ordering.DAL.csproj", "{AF80CC75-BFBE-4E14-8C78-D816BA9F1056}"
EndProject
Global
	GlobalSection(SolutionConfigurationPlatforms) = preSolution
		Debug|Any CPU = Debug|Any CPU
		Release|Any CPU = Release|Any CPU
	EndGlobalSection
	GlobalSection(ProjectConfigurationPlatforms) = postSolution
		{C63754C1-501E-4DFD-BE9A-03F82D798130}.Debug|Any CPU.ActiveCfg = Debug|Any CPU
		{C63754C1-501E-4DFD-BE9A-03F82D798130}.Debug|Any CPU.Build.0 = Debug|Any CPU
		{C63754C1-501E-4DFD-BE9A-03F82D798130}.Release|Any CPU.ActiveCfg = Release|Any CPU
		{C63754C1-501E-4DFD-BE9A-03F82D798130}.Release|Any CPU.Build.0 = Release|Any CPU
		{C63754C1-501E-4DFD-BE9A-03F82D798130}.Debug|Any CPU.Deploy.0 = Debug|Any CPU
		{582BE766-ABBA-41E4-BAA7-8B8C776AF984}.Debug|Any CPU.ActiveCfg = Debug|Any CPU
		{582BE766-ABBA-41E4-BAA7-8B8C776AF984}.Debug|Any CPU.Build.0 = Debug|Any CPU
		{582BE766-ABBA-41E4-BAA7-8B8C776AF984}.Release|Any CPU.ActiveCfg = Release|Any CPU
		{582BE766-ABBA-41E4-BAA7-8B8C776AF984}.Release|Any CPU.Build.0 = Release|Any CPU
		{582BE766-ABBA-41E4-BAA7-8B8C776AF984}.Debug|Any CPU.Deploy.0 = Debug|Any CPU
		{3B6E70FD-50D3-47AE-BD7F-5A14B715EBEF}.Debug|Any CPU.ActiveCfg = Debug|Any CPU
		{3B6E70FD-50D3-47AE-BD7F-5A14B715EBEF}.Debug|Any CPU.Build.0 = Debug|Any CPU
		{3B6E70FD-50D3-47AE-BD7F-5A14B715EBEF}.Release|Any CPU.ActiveCfg = Release|Any CPU
		{3B6E70FD-50D3-47AE-BD7F-5A14B715EBEF}.Release|Any CPU.Build.0 = Release|Any CPU
		{3B6E70FD-50D3-47AE-BD7F-5A14B715EBEF}.Debug|Any CPU.Deploy.0 = Debug|Any CPU
		{988A5171-2195-4552-A24E-83B77393FA0D}.Debug|Any CPU.ActiveCfg = Debug|Any CPU
		{988A5171-2195-4552-A24E-83B77393FA0D}.Debug|Any CPU.Build.0 = Debug|Any CPU
		{988A5171-2195-4552-A24E-83B77393FA0D}.Release|Any CPU.ActiveCfg = Release|Any CPU
		{988A5171-2195-4552-A24E-83B77393FA0D}.Release|Any CPU.Build.0 = Release|Any CPU
		{AF80CC75-BFBE-4E14-8C78-D816BA9F1056}.Debug|Any CPU.ActiveCfg = Debug|Any CPU
		{AF80CC75-BFBE-4E14-8C78-D816BA9F1056}.Debug|Any CPU.Build.0 = Debug|Any CPU
		{AF80CC75-BFBE-4E14-8C78-D816BA9F1056}.Release|Any CPU.ActiveCfg = Release|Any CPU
		{AF80CC75-BFBE-4E14-8C78-D816BA9F1056}.Release|Any CPU.Build.0 = Release|Any CPU
	EndGlobalSection
	GlobalSection(NestedProjects) = preSolution
		{988A5171-2195-4552-A24E-83B77393FA0D} = {919FB9A3-1B77-4537-9E42-2C9EBD5A0BE8}
		{AF80CC75-BFBE-4E14-8C78-D816BA9F1056} = {919FB9A3-1B77-4537-9E42-2C9EBD5A0BE8}
	EndGlobalSection
EndGlobal
